{
  "name": "eurunuela-github-io",
  "lockfileVersion": 3,
  "requires": true,
  "packages": {
    "": {
      "name": "eurunuela-github-io",
      "dependencies": {
        "xz-utils": "^1.0.0"
      }
    },
    "node_modules/xz-utils": {
      "version": "1.0.2",
      "resolved": "https://registry.npmjs.org/xz-utils/-/xz-utils-1.0.2.tgz",
      "integrity": "sha512-lycj5eaFzRDsIaXU8fqxMBrEpSzWgSGEyQDGprBJU9hZ+z1qEyHFV7u/S3ttNPMs8ev/5nk005DfLhc5dl90mg==",
      "license": "MIT"
    }
  }
}
